
Microsoft Visual Studio Solution File, Format Version 12.00
# Visual Studio Version 16
VisualStudioVersion = 16.0.31313.79
MinimumVisualStudioVersion = 10.0.40219.1
Project("{FAE04EC0-301F-11D3-BF4B-00C04F79EFBC}") = "PasswordEncrypting", "PasswordEncrypting\PasswordEncrypting.csproj", "{BA15BDA3-73C2-46C5-A553-C7087A71A504}"
EndProject
Global
	GlobalSection(SolutionConfigurationPlatforms) = preSolution
		Debug|Any CPU = Debug|Any CPU
		Release|Any CPU = Release|Any CPU
	EndGlobalSection
	GlobalSection(ProjectConfigurationPlatforms) = postSolution
		{BA15BDA3-73C2-46C5-A553-C7087A71A504}.Debug|Any CPU.ActiveCfg = Debug|Any CPU
		{BA15BDA3-73C2-46C5-A553-C7087A71A504}.Debug|Any CPU.Build.0 = Debug|Any CPU
		{BA15BDA3-73C2-46C5-A553-C7087A71A504}.Release|Any CPU.ActiveCfg = Release|Any CPU
		{BA15BDA3-73C2-46C5-A553-C7087A71A504}.Release|Any CPU.Build.0 = Release|Any CPU
	EndGlobalSection
	GlobalSection(SolutionProperties) = preSolution
		HideSolutionNode = FALSE
	EndGlobalSection
	GlobalSection(ExtensibilityGlobals) = postSolution
		SolutionGuid = {75C6F709-03C8-4DD1-8F75-CD7095436505}
	EndGlobalSection
EndGlobal
